// !$*UTF8*$!
{
	archiveVersion = 1;
	classes = {
	};
	objectVersion = 48;
	objects = {

/* Begin PBXBuildFile section */
		1F0C455F1FCCB05F002B3575 /* new_panamera.jpg in Resources */ = {isa = PBXBuildFile; fileRef = 1F0C455E1FCCB05E002B3575 /* new_panamera.jpg */; };
		1F0C45621FCCB43D002B3575 /* MaterialView.swift in Sources */ = {isa = PBXBuildFile; fileRef = 1F0C45611FCCB43D002B3575 /* MaterialView.swift */; };
		1F0C45641FCCBBA6002B3575 /* ItemCell.swift in Sources */ = {isa = PBXBuildFile; fileRef = 1F0C45631FCCBBA6002B3575 /* ItemCell.swift */; };
		1F1DACC51FCDF03B0011C4F2 /* ItemDetailsVC.swift in Sources */ = {isa = PBXBuildFile; fileRef = 1F1DACC41FCDF03B0011C4F2 /* ItemDetailsVC.swift */; };
		1FE6B35D1FCB6AD00051A7A4 /* AppDelegate.swift in Sources */ = {isa = PBXBuildFile; fileRef = 1FE6B35C1FCB6AD00051A7A4 /* AppDelegate.swift */; };
		1FE6B35F1FCB6AD00051A7A4 /* MainVC.swift in Sources */ = {isa = PBXBuildFile; fileRef = 1FE6B35E1FCB6AD00051A7A4 /* MainVC.swift */; };
		1FE6B3621FCB6AD00051A7A4 /* Main.storyboard in Resources */ = {isa = PBXBuildFile; fileRef = 1FE6B3601FCB6AD00051A7A4 /* Main.storyboard */; };
		1FE6B3651FCB6AD00051A7A4 /* MyWishList.xcdatamodeld in Sources */ = {isa = PBXBuildFile; fileRef = 1FE6B3631FCB6AD00051A7A4 /* MyWishList.xcdatamodeld */; };
		1FE6B3671FCB6AD00051A7A4 /* Assets.xcassets in Resources */ = {isa = PBXBuildFile; fileRef = 1FE6B3661FCB6AD00051A7A4 /* Assets.xcassets */; };
		1FE6B36A1FCB6AD00051A7A4 /* LaunchScreen.storyboard in Resources */ = {isa = PBXBuildFile; fileRef = 1FE6B3681FCB6AD00051A7A4 /* LaunchScreen.storyboard */; };
		1FE6B39B1FCB75350051A7A4 /* Item+CoreDataClass.swift in Sources */ = {isa = PBXBuildFile; fileRef = 1FE6B3931FCB75350051A7A4 /* Item+CoreDataClass.swift */; };
		1FE6B39C1FCB75350051A7A4 /* Item+CoreDataProperties.swift in Sources */ = {isa = PBXBuildFile; fileRef = 1FE6B3941FCB75350051A7A4 /* Item+CoreDataProperties.swift */; };
		1FE6B39D1FCB75350051A7A4 /* Store+CoreDataClass.swift in Sources */ = {isa = PBXBuildFile; fileRef = 1FE6B3951FCB75350051A7A4 /* Store+CoreDataClass.swift */; };
		1FE6B39E1FCB75350051A7A4 /* Store+CoreDataProperties.swift in Sources */ = {isa = PBXBuildFile; fileRef = 1FE6B3961FCB75350051A7A4 /* Store+CoreDataProperties.swift */; };
		1FE6B39F1FCB75350051A7A4 /* ItemType+CoreDataClass.swift in Sources */ = {isa = PBXBuildFile; fileRef = 1FE6B3971FCB75350051A7A4 /* ItemType+CoreDataClass.swift */; };
		1FE6B3A01FCB75350051A7A4 /* ItemType+CoreDataProperties.swift in Sources */ = {isa = PBXBuildFile; fileRef = 1FE6B3981FCB75350051A7A4 /* ItemType+CoreDataProperties.swift */; };
		1FE6B3A11FCB75350051A7A4 /* Image+CoreDataClass.swift in Sources */ = {isa = PBXBuildFile; fileRef = 1FE6B3991FCB75350051A7A4 /* Image+CoreDataClass.swift */; };
		1FE6B3A21FCB75350051A7A4 /* Image+CoreDataProperties.swift in Sources */ = {isa = PBXBuildFile; fileRef = 1FE6B39A1FCB75350051A7A4 /* Image+CoreDataProperties.swift */; };
/* End PBXBuildFile section */

/* Begin PBXFileReference section */
		1F0C455E1FCCB05E002B3575 /* new_panamera.jpg */ = {isa = PBXFileReference; lastKnownFileType = image.jpeg; path = new_panamera.jpg; sourceTree = "<group>"; };
		1F0C45611FCCB43D002B3575 /* MaterialView.swift */ = {isa = PBXFileReference; lastKnownFileType = sourcecode.swift; path = MaterialView.swift; sourceTree = "<group>"; };
		1F0C45631FCCBBA6002B3575 /* ItemCell.swift */ = {isa = PBXFileReference; lastKnownFileType = sourcecode.swift; path = ItemCell.swift; sourceTree = "<group>"; };
		1F1DACC41FCDF03B0011C4F2 /* ItemDetailsVC.swift */ = {isa = PBXFileReference; lastKnownFileType = sourcecode.swift; path = ItemDetailsVC.swift; sourceTree = "<group>"; };
		1FE6B3591FCB6AD00051A7A4 /* MyWishList.app */ = {isa = PBXFileReference; explicitFileType = wrapper.application; includeInIndex = 0; path = MyWishList.app; sourceTree = BUILT_PRODUCTS_DIR; };
		1FE6B35C1FCB6AD00051A7A4 /* AppDelegate.swift */ = {isa = PBXFileReference; lastKnownFileType = sourcecode.swift; path = AppDelegate.swift; sourceTree = "<group>"; };
		1FE6B35E1FCB6AD00051A7A4 /* MainVC.swift */ = {isa = PBXFileReference; lastKnownFileType = sourcecode.swift; path = MainVC.swift; sourceTree = "<group>"; };
		1FE6B3611FCB6AD00051A7A4 /* Base */ = {isa = PBXFileReference; lastKnownFileType = file.storyboard; name = Base; path = Base.lproj/Main.storyboard; sourceTree = "<group>"; };
		1FE6B3641FCB6AD00051A7A4 /* MyWishList.xcdatamodel */ = {isa = PBXFileReference; lastKnownFileType = wrapper.xcdatamodel; path = MyWishList.xcdatamodel; sourceTree = "<group>"; };
		1FE6B3661FCB6AD00051A7A4 /* Assets.xcassets */ = {isa = PBXFileReference; lastKnownFileType = folder.assetcatalog; path = Assets.xcassets; sourceTree = "<group>"; };
		1FE6B3691FCB6AD00051A7A4 /* Base */ = {isa = PBXFileReference; lastKnownFileType = file.storyboard; name = Base; path = Base.lproj/LaunchScreen.storyboard; sourceTree = "<group>"; };
		1FE6B36B1FCB6AD00051A7A4 /* Info.plist */ = {isa = PBXFileReference; lastKnownFileType = text.plist.xml; path = Info.plist; sourceTree = "<group>"; };
		1FE6B3931FCB75350051A7A4 /* Item+CoreDataClass.swift */ = {isa = PBXFileReference; lastKnownFileType = sourcecode.swift; path = "Item+CoreDataClass.swift"; sourceTree = "<group>"; };
		1FE6B3941FCB75350051A7A4 /* Item+CoreDataProperties.swift */ = {isa = PBXFileReference; lastKnownFileType = sourcecode.swift; path = "Item+CoreDataProperties.swift"; sourceTree = "<group>"; };
		1FE6B3951FCB75350051A7A4 /* Store+CoreDataClass.swift */ = {isa = PBXFileReference; lastKnownFileType = sourcecode.swift; path = "Store+CoreDataClass.swift"; sourceTree = "<group>"; };
		1FE6B3961FCB75350051A7A4 /* Store+CoreDataProperties.swift */ = {isa = PBXFileReference; lastKnownFileType = sourcecode.swift; path = "Store+CoreDataProperties.swift"; sourceTree = "<group>"; };
		1FE6B3971FCB75350051A7A4 /* ItemType+CoreDataClass.swift */ = {isa = PBXFileReference; lastKnownFileType = sourcecode.swift; path = "ItemType+CoreDataClass.swift"; sourceTree = "<group>"; };
		1FE6B3981FCB75350051A7A4 /* ItemType+CoreDataProperties.swift */ = {isa = PBXFileReference; lastKnownFileType = sourcecode.swift; path = "ItemType+CoreDataProperties.swift"; sourceTree = "<group>"; };
		1FE6B3991FCB75350051A7A4 /* Image+CoreDataClass.swift */ = {isa = PBXFileReference; lastKnownFileType = sourcecode.swift; path = "Image+CoreDataClass.swift"; sourceTree = "<group>"; };
		1FE6B39A1FCB75350051A7A4 /* Image+CoreDataProperties.swift */ = {isa = PBXFileReference; lastKnownFileType = sourcecode.swift; path = "Image+CoreDataProperties.swift"; sourceTree = "<group>"; };
/* End PBXFileReference section */

/* Begin PBXFrameworksBuildPhase section */
		1FE6B3561FCB6AD00051A7A4 /* Frameworks */ = {
			isa = PBXFrameworksBuildPhase;
			buildActionMask = 2147483647;
			files = (
			);
			runOnlyForDeploymentPostprocessing = 0;
		};
/* End PBXFrameworksBuildPhase section */

/* Begin PBXGroup section */
		1F0C45601FCCB419002B3575 /* View */ = {
			isa = PBXGroup;
			children = (
				1F0C45611FCCB43D002B3575 /* MaterialView.swift */,
				1F0C45631FCCBBA6002B3575 /* ItemCell.swift */,
			);
			path = View;
			sourceTree = "<group>";
		};
		1F1DACC31FCDEFF50011C4F2 /* Controller */ = {
			isa = PBXGroup;
			children = (
				1FE6B35E1FCB6AD00051A7A4 /* MainVC.swift */,
				1F1DACC41FCDF03B0011C4F2 /* ItemDetailsVC.swift */,
			);
			path = Controller;
			sourceTree = "<group>";
		};
		1FE6B3501FCB6AD00051A7A4 = {
			isa = PBXGroup;
			children = (
				1FE6B35B1FCB6AD00051A7A4 /* MyWishList */,
				1FE6B35A1FCB6AD00051A7A4 /* Products */,
			);
			sourceTree = "<group>";
		};
		1FE6B35A1FCB6AD00051A7A4 /* Products */ = {
			isa = PBXGroup;
			children = (
				1FE6B3591FCB6AD00051A7A4 /* MyWishList.app */,
			);
			name = Products;
			sourceTree = "<group>";
		};
		1FE6B35B1FCB6AD00051A7A4 /* MyWishList */ = {
			isa = PBXGroup;
			children = (
				1FE6B3A31FCB75B30051A7A4 /* Model */,
				1F0C45601FCCB419002B3575 /* View */,
				1F1DACC31FCDEFF50011C4F2 /* Controller */,
				1FE6B3661FCB6AD00051A7A4 /* Assets.xcassets */,
				1FE6B3601FCB6AD00051A7A4 /* Main.storyboard */,
				1FE6B35C1FCB6AD00051A7A4 /* AppDelegate.swift */,
				1FE6B3681FCB6AD00051A7A4 /* LaunchScreen.storyboard */,
				1FE6B36B1FCB6AD00051A7A4 /* Info.plist */,
				1FE6B3631FCB6AD00051A7A4 /* MyWishList.xcdatamodeld */,
				1F0C455E1FCCB05E002B3575 /* new_panamera.jpg */,
			);
			path = MyWishList;
			sourceTree = "<group>";
		};
		1FE6B3A31FCB75B30051A7A4 /* Model */ = {
			isa = PBXGroup;
			children = (
				1FE6B3991FCB75350051A7A4 /* Image+CoreDataClass.swift */,
				1FE6B3971FCB75350051A7A4 /* ItemType+CoreDataClass.swift */,
				1FE6B3931FCB75350051A7A4 /* Item+CoreDataClass.swift */,
				1FE6B3951FCB75350051A7A4 /* Store+CoreDataClass.swift */,
				1FE6B3A41FCB75BB0051A7A4 /* Generated */,
			);
			path = Model;
			sourceTree = "<group>";
		};
		1FE6B3A41FCB75BB0051A7A4 /* Generated */ = {
			isa = PBXGroup;
			children = (
				1FE6B39A1FCB75350051A7A4 /* Image+CoreDataProperties.swift */,
				1FE6B3981FCB75350051A7A4 /* ItemType+CoreDataProperties.swift */,
				1FE6B3961FCB75350051A7A4 /* Store+CoreDataProperties.swift */,
				1FE6B3941FCB75350051A7A4 /* Item+CoreDataProperties.swift */,
			);
			path = Generated;
			sourceTree = "<group>";
		};
/* End PBXGroup section */

/* Begin PBXNativeTarget section */
		1FE6B3581FCB6AD00051A7A4 /* MyWishList */ = {
			isa = PBXNativeTarget;
			buildConfigurationList = 1FE6B36E1FCB6AD00051A7A4 /* Build configuration list for PBXNativeTarget "MyWishList" */;
			buildPhases = (
				1FE6B3551FCB6AD00051A7A4 /* Sources */,
				1FE6B3561FCB6AD00051A7A4 /* Frameworks */,
				1FE6B3571FCB6AD00051A7A4 /* Resources */,
			);
			buildRules = (
			);
			dependencies = (
			);
			name = MyWishList;
			productName = MyWishList;
			productReference = 1FE6B3591FCB6AD00051A7A4 /* MyWishList.app */;
			productType = "com.apple.product-type.application";
		};
/* End PBXNativeTarget section */

/* Begin PBXProject section */
		1FE6B3511FCB6AD00051A7A4 /* Project object */ = {
			isa = PBXProject;
			attributes = {
				LastSwiftUpdateCheck = 0910;
				LastUpgradeCheck = 0910;
				ORGANIZATIONNAME = "Costin Valu";
				TargetAttributes = {
					1FE6B3581FCB6AD00051A7A4 = {
						CreatedOnToolsVersion = 9.1;
						ProvisioningStyle = Automatic;
					};
				};
			};
			buildConfigurationList = 1FE6B3541FCB6AD00051A7A4 /* Build configuration list for PBXProject "MyWishList" */;
			compatibilityVersion = "Xcode 8.0";
			developmentRegion = en;
			hasScannedForEncodings = 0;
			knownRegions = (
				en,
				Base,
			);
			mainGroup = 1FE6B3501FCB6AD00051A7A4;
			productRefGroup = 1FE6B35A1FCB6AD00051A7A4 /* Products */;
			projectDirPath = "";
			projectRoot = "";
			targets = (
				1FE6B3581FCB6AD00051A7A4 /* MyWishList */,
			);
		};
/* End PBXProject section */

/* Begin PBXResourcesBuildPhase section */
		1FE6B3571FCB6AD00051A7A4 /* Resources */ = {
			isa = PBXResourcesBuildPhase;
			buildActionMask = 2147483647;
			files = (
				1FE6B36A1FCB6AD00051A7A4 /* LaunchScreen.storyboard in Resources */,
				1F0C455F1FCCB05F002B3575 /* new_panamera.jpg in Resources */,
				1FE6B3671FCB6AD00051A7A4 /* Assets.xcassets in Resources */,
				1FE6B3621FCB6AD00051A7A4 /* Main.storyboard in Resources */,
			);
			runOnlyForDeploymentPostprocessing = 0;
		};
/* End PBXResourcesBuildPhase section */

/* Begin PBXSourcesBuildPhase section */
		1FE6B3551FCB6AD00051A7A4 /* Sources */ = {
			isa = PBXSourcesBuildPhase;
			buildActionMask = 2147483647;
			files = (
				1F0C45641FCCBBA6002B3575 /* ItemCell.swift in Sources */,
				1FE6B3651FCB6AD00051A7A4 /* MyWishList.xcdatamodeld in Sources */,
				1FE6B39D1FCB75350051A7A4 /* Store+CoreDataClass.swift in Sources */,
				1FE6B3A01FCB75350051A7A4 /* ItemType+CoreDataProperties.swift in Sources */,
				1F0C45621FCCB43D002B3575 /* MaterialView.swift in Sources */,
				1FE6B35F1FCB6AD00051A7A4 /* MainVC.swift in Sources */,
				1FE6B39B1FCB75350051A7A4 /* Item+CoreDataClass.swift in Sources */,
				1FE6B39F1FCB75350051A7A4 /* ItemType+CoreDataClass.swift in Sources */,
				1F1DACC51FCDF03B0011C4F2 /* ItemDetailsVC.swift in Sources */,
				1FE6B39E1FCB75350051A7A4 /* Store+CoreDataProperties.swift in Sources */,
				1FE6B35D1FCB6AD00051A7A4 /* AppDelegate.swift in Sources */,
				1FE6B39C1FCB75350051A7A4 /* Item+CoreDataProperties.swift in Sources */,
				1FE6B3A11FCB75350051A7A4 /* Image+CoreDataClass.swift in Sources */,
				1FE6B3A21FCB75350051A7A4 /* Image+CoreDataProperties.swift in Sources */,
			);
			runOnlyForDeploymentPostprocessing = 0;
		};
/* End PBXSourcesBuildPhase section */

/* Begin PBXVariantGroup section */
		1FE6B3601FCB6AD00051A7A4 /* Main.storyboard */ = {
			isa = PBXVariantGroup;
			children = (
				1FE6B3611FCB6AD00051A7A4 /* Base */,
			);
			name = Main.storyboard;
			sourceTree = "<group>";
		};
		1FE6B3681FCB6AD00051A7A4 /* LaunchScreen.storyboard */ = {
			isa = PBXVariantGroup;
			children = (
				1FE6B3691FCB6AD00051A7A4 /* Base */,
			);
			name = LaunchScreen.storyboard;
			sourceTree = "<group>";
		};
/* End PBXVariantGroup section */

/* Begin XCBuildConfiguration section */
		1FE6B36C1FCB6AD00051A7A4 /* Debug */ = {
			isa = XCBuildConfiguration;
			buildSettings = {
				ALWAYS_SEARCH_USER_PATHS = NO;
				CLANG_ANALYZER_NONNULL = YES;
				CLANG_ANALYZER_NUMBER_OBJECT_CONVERSION = YES_AGGRESSIVE;
				CLANG_CXX_LANGUAGE_STANDARD = "gnu++14";
				CLANG_CXX_LIBRARY = "libc++";
				CLANG_ENABLE_MODULES = YES;
				CLANG_ENABLE_OBJC_ARC = YES;
				CLANG_WARN_BLOCK_CAPTURE_AUTORELEASING = YES;
				CLANG_WARN_BOOL_CONVERSION = YES;
				CLANG_WARN_COMMA = YES;
				CLANG_WARN_CONSTANT_CONVERSION = YES;
				CLANG_WARN_DIRECT_OBJC_ISA_USAGE = YES_ERROR;
				CLANG_WARN_DOCUMENTATION_COMMENTS = YES;
				CLANG_WARN_EMPTY_BODY = YES;
				CLANG_WARN_ENUM_CONVERSION = YES;
				CLANG_WARN_INFINITE_RECURSION = YES;
				CLANG_WARN_INT_CONVERSION = YES;
				CLANG_WARN_NON_LITERAL_NULL_CONVERSION = YES;
				CLANG_WARN_OBJC_LITERAL_CONVERSION = YES;
				CLANG_WARN_OBJC_ROOT_CLASS = YES_ERROR;
				CLANG_WARN_RANGE_LOOP_ANALYSIS = YES;
				CLANG_WARN_STRICT_PROTOTYPES = YES;
				CLANG_WARN_SUSPICIOUS_MOVE = YES;
				CLANG_WARN_UNGUARDED_AVAILABILITY = YES_AGGRESSIVE;
				CLANG_WARN_UNREACHABLE_CODE = YES;
				CLANG_WARN__DUPLICATE_METHOD_MATCH = YES;
				CODE_SIGN_IDENTITY = "iPhone Developer";
				COPY_PHASE_STRIP = NO;
				DEBUG_INFORMATION_FORMAT = dwarf;
				ENABLE_STRICT_OBJC_MSGSEND = YES;
				ENABLE_TESTABILITY = YES;
				GCC_C_LANGUAGE_STANDARD = gnu11;
				GCC_DYNAMIC_NO_PIC = NO;
				GCC_NO_COMMON_BLOCKS = YES;
				GCC_OPTIMIZATION_LEVEL = 0;
				GCC_PREPROCESSOR_DEFINITIONS = (
					"DEBUG=1",
					"$(inherited)",
				);
				GCC_WARN_64_TO_32_BIT_CONVERSION = YES;
				GCC_WARN_ABOUT_RETURN_TYPE = YES_ERROR;
				GCC_WARN_UNDECLARED_SELECTOR = YES;
				GCC_WARN_UNINITIALIZED_AUTOS = YES_AGGRESSIVE;
				GCC_WARN_UNUSED_FUNCTION = YES;
				GCC_WARN_UNUSED_VARIABLE = YES;
				IPHONEOS_DEPLOYMENT_TARGET = 11.1;
				MTL_ENABLE_DEBUG_INFO = YES;
				ONLY_ACTIVE_ARCH = YES;
				SDKROOT = iphoneos;
				SWIFT_ACTIVE_COMPILATION_CONDITIONS = DEBUG;
				SWIFT_OPTIMIZATION_LEVEL = "-Onone";
			};
			name = Debug;
		};
		1FE6B36D1FCB6AD00051A7A4 /* Release */ = {
			isa = XCBuildConfiguration;
			buildSettings = {
				ALWAYS_SEARCH_USER_PATHS = NO;
				CLANG_ANALYZER_NONNULL = YES;
				CLANG_ANALYZER_NUMBER_OBJECT_CONVERSION = YES_AGGRESSIVE;
				CLANG_CXX_LANGUAGE_STANDARD = "gnu++14";
				CLANG_CXX_LIBRARY = "libc++";
				CLANG_ENABLE_MODULES = YES;
				CLANG_ENABLE_OBJC_ARC = YES;
				CLANG_WARN_BLOCK_CAPTURE_AUTORELEASING = YES;
				CLANG_WARN_BOOL_CONVERSION = YES;
				CLANG_WARN_COMMA = YES;
				CLANG_WARN_CONSTANT_CONVERSION = YES;
				CLANG_WARN_DIRECT_OBJC_ISA_USAGE = YES_ERROR;
				CLANG_WARN_DOCUMENTATION_COMMENTS = YES;
				CLANG_WARN_EMPTY_BODY = YES;
				CLANG_WARN_ENUM_CONVERSION = YES;
				CLANG_WARN_INFINITE_RECURSION = YES;
				CLANG_WARN_INT_CONVERSION = YES;
				CLANG_WARN_NON_LITERAL_NULL_CONVERSION = YES;
				CLANG_WARN_OBJC_LITERAL_CONVERSION = YES;
				CLANG_WARN_OBJC_ROOT_CLASS = YES_ERROR;
				CLANG_WARN_RANGE_LOOP_ANALYSIS = YES;
				CLANG_WARN_STRICT_PROTOTYPES = YES;
				CLANG_WARN_SUSPICIOUS_MOVE = YES;
				CLANG_WARN_UNGUARDED_AVAILABILITY = YES_AGGRESSIVE;
				CLANG_WARN_UNREACHABLE_CODE = YES;
				CLANG_WARN__DUPLICATE_METHOD_MATCH = YES;
				CODE_SIGN_IDENTITY = "iPhone Developer";
				COPY_PHASE_STRIP = NO;
				DEBUG_INFORMATION_FORMAT = "dwarf-with-dsym";
				ENABLE_NS_ASSERTIONS = NO;
				ENABLE_STRICT_OBJC_MSGSEND = YES;
				GCC_C_LANGUAGE_STANDARD = gnu11;
				GCC_NO_COMMON_BLOCKS = YES;
				GCC_WARN_64_TO_32_BIT_CONVERSION = YES;
				GCC_WARN_ABOUT_RETURN_TYPE = YES_ERROR;
				GCC_WARN_UNDECLARED_SELECTOR = YES;
				GCC_WARN_UNINITIALIZED_AUTOS = YES_AGGRESSIVE;
				GCC_WARN_UNUSED_FUNCTION = YES;
				GCC_WARN_UNUSED_VARIABLE = YES;
				IPHONEOS_DEPLOYMENT_TARGET = 11.1;
				MTL_ENABLE_DEBUG_INFO = NO;
				SDKROOT = iphoneos;
				SWIFT_OPTIMIZATION_LEVEL = "-Owholemodule";
				VALIDATE_PRODUCT = YES;
			};
			name = Release;
		};
		1FE6B36F1FCB6AD00051A7A4 /* Debug */ = {
			isa = XCBuildConfiguration;
			buildSettings = {
				ASSETCATALOG_COMPILER_APPICON_NAME = AppIcon;
				CODE_SIGN_STYLE = Automatic;
				DEVELOPMENT_TEAM = LB8WE2HV8K;
				INFOPLIST_FILE = MyWishList/Info.plist;
				LD_RUNPATH_SEARCH_PATHS = "$(inherited) @executable_path/Frameworks";
				PRODUCT_BUNDLE_IDENTIFIER = iOSDev.MyWishList;
				PRODUCT_NAME = "$(TARGET_NAME)";
				SWIFT_VERSION = 4.0;
				TARGETED_DEVICE_FAMILY = "1,2";
			};
			name = Debug;
		};
		1FE6B3701FCB6AD00051A7A4 /* Release */ = {
			isa = XCBuildConfiguration;
			buildSettings = {
				ASSETCATALOG_COMPILER_APPICON_NAME = AppIcon;
				CODE_SIGN_STYLE = Automatic;
				DEVELOPMENT_TEAM = LB8WE2HV8K;
				INFOPLIST_FILE = MyWishList/Info.plist;
				LD_RUNPATH_SEARCH_PATHS = "$(inherited) @executable_path/Frameworks";
				PRODUCT_BUNDLE_IDENTIFIER = iOSDev.MyWishList;
				PRODUCT_NAME = "$(TARGET_NAME)";
				SWIFT_VERSION = 4.0;
				TARGETED_DEVICE_FAMILY = "1,2";
			};
			name = Release;
		};
/* End XCBuildConfiguration section */

/* Begin XCConfigurationList section */
		1FE6B3541FCB6AD00051A7A4 /* Build configuration list for PBXProject "MyWishList" */ = {
			isa = XCConfigurationList;
			buildConfigurations = (
				1FE6B36C1FCB6AD00051A7A4 /* Debug */,
				1FE6B36D1FCB6AD00051A7A4 /* Release */,
			);
			defaultConfigurationIsVisible = 0;
			defaultConfigurationName = Release;
		};
		1FE6B36E1FCB6AD00051A7A4 /* Build configuration list for PBXNativeTarget "MyWishList" */ = {
			isa = XCConfigurationList;
			buildConfigurations = (
				1FE6B36F1FCB6AD00051A7A4 /* Debug */,
				1FE6B3701FCB6AD00051A7A4 /* Release */,
			);
			defaultConfigurationIsVisible = 0;
			defaultConfigurationName = Release;
		};
/* End XCConfigurationList section */

/* Begin XCVersionGroup section */
		1FE6B3631FCB6AD00051A7A4 /* MyWishList.xcdatamodeld */ = {
			isa = XCVersionGroup;
			children = (
				1FE6B3641FCB6AD00051A7A4 /* MyWishList.xcdatamodel */,
			);
			currentVersion = 1FE6B3641FCB6AD00051A7A4 /* MyWishList.xcdatamodel */;
			path = MyWishList.xcdatamodeld;
			sourceTree = "<group>";
			versionGroupType = wrapper.xcdatamodel;
		};
/* End XCVersionGroup section */
	};
	rootObject = 1FE6B3511FCB6AD00051A7A4 /* Project object */;
}
